
Microsoft Visual Studio Solution File, Format Version 12.00
# Visual Studio Version 17
VisualStudioVersion = 17.10.35004.147
MinimumVisualStudioVersion = 10.0.40219.1
Project("{FAE04EC0-301F-11D3-BF4B-00C04F79EFBC}") = "CursoMaui", "CursoMaui\CursoMaui.csproj", "{EF7FAAB3-24E1-4ABE-A83C-B69865F43EBE}"
EndProject
Global
	GlobalSection(SolutionConfigurationPlatforms) = preSolution
		Debug|Any CPU = Debug|Any CPU
		Release|Any CPU = Release|Any CPU
	EndGlobalSection
	GlobalSection(ProjectConfigurationPlatforms) = postSolution
		{EF7FAAB3-24E1-4ABE-A83C-B69865F43EBE}.Debug|Any CPU.ActiveCfg = Debug|Any CPU
		{EF7FAAB3-24E1-4ABE-A83C-B69865F43EBE}.Debug|Any CPU.Build.0 = Debug|Any CPU
		{EF7FAAB3-24E1-4ABE-A83C-B69865F43EBE}.Debug|Any CPU.Deploy.0 = Debug|Any CPU
		{EF7FAAB3-24E1-4ABE-A83C-B69865F43EBE}.Release|Any CPU.ActiveCfg = Release|Any CPU
		{EF7FAAB3-24E1-4ABE-A83C-B69865F43EBE}.Release|Any CPU.Build.0 = Release|Any CPU
		{EF7FAAB3-24E1-4ABE-A83C-B69865F43EBE}.Release|Any CPU.Deploy.0 = Release|Any CPU
	EndGlobalSection
	GlobalSection(SolutionProperties) = preSolution
		HideSolutionNode = FALSE
	EndGlobalSection
	GlobalSection(ExtensibilityGlobals) = postSolution
		SolutionGuid = {99AD3D3D-D27F-4B6E-8DB9-BA55AB3918EB}
	EndGlobalSection
EndGlobal
